
Microsoft Visual Studio Solution File, Format Version 12.00
# Visual Studio Version 17
VisualStudioVersion = 17.9.34714.143
MinimumVisualStudioVersion = 10.0.40219.1
Project("{FAE04EC0-301F-11D3-BF4B-00C04F79EFBC}") = "InventoryForHome", "InventoryForHome\InventoryForHome.csproj", "{4AE93522-8671-4941-9DEE-6FB697AC57EF}"
EndProject
Global
	GlobalSection(SolutionConfigurationPlatforms) = preSolution
		Debug|Any CPU = Debug|Any CPU
		Release|Any CPU = Release|Any CPU
	EndGlobalSection
	GlobalSection(ProjectConfigurationPlatforms) = postSolution
		{4AE93522-8671-4941-9DEE-6FB697AC57EF}.Debug|Any CPU.ActiveCfg = Debug|Any CPU
		{4AE93522-8671-4941-9DEE-6FB697AC57EF}.Debug|Any CPU.Build.0 = Debug|Any CPU
		{4AE93522-8671-4941-9DEE-6FB697AC57EF}.Release|Any CPU.ActiveCfg = Release|Any CPU
		{4AE93522-8671-4941-9DEE-6FB697AC57EF}.Release|Any CPU.Build.0 = Release|Any CPU
	EndGlobalSection
	GlobalSection(SolutionProperties) = preSolution
		HideSolutionNode = FALSE
	EndGlobalSection
	GlobalSection(ExtensibilityGlobals) = postSolution
		SolutionGuid = {1DCCF0C0-1525-4FE6-8388-DCE937000022}
	EndGlobalSection
EndGlobal
